
Microsoft Visual Studio Solution File, Format Version 12.00
# Visual Studio Version 17
VisualStudioVersion = 17.1.32319.34
MinimumVisualStudioVersion = 10.0.40219.1
Project("{9A19103F-16F7-4668-BE54-9A1E7A4F7556}") = "Degiskenler", "Degiskenler\Degiskenler.csproj", "{0E995C7E-47A1-4B4C-B98A-4DCB935A9BE9}"
EndProject
Project("{9A19103F-16F7-4668-BE54-9A1E7A4F7556}") = "Operatorler", "Operatorler\Operatorler.csproj", "{A0450F00-5CC9-433F-94B1-726868F0A591}"
EndProject
Project("{9A19103F-16F7-4668-BE54-9A1E7A4F7556}") = "Uygulama1", "Uygulama1\Uygulama1.csproj", "{3C552CCE-1763-4101-A69F-B9D98F2C3CFB}"
EndProject
Project("{9A19103F-16F7-4668-BE54-9A1E7A4F7556}") = "Uygulama2", "Uygulama2\Uygulama2.csproj", "{84CB3B7B-2CB0-4E9A-B3EA-2963A64A8B28}"
EndProject
Project("{9A19103F-16F7-4668-BE54-9A1E7A4F7556}") = "TurDonusumleri", "TurDonusumleri\TurDonusumleri.csproj", "{BF3D9728-5A97-4F22-B0D4-B51278F614AB}"
EndProject
Project("{9A19103F-16F7-4668-BE54-9A1E7A4F7556}") = "Uygulama3", "Uygulama3\Uygulama3.csproj", "{8DFEC209-A7C6-475A-8566-F3E5F4F00612}"
EndProject
Project("{9A19103F-16F7-4668-BE54-9A1E7A4F7556}") = "Karar_Yapilari", "Karar_Yapilari\Karar_Yapilari.csproj", "{BE311B72-F845-4A09-A5B8-83BDE581E7A3}"
EndProject
Project("{9A19103F-16F7-4668-BE54-9A1E7A4F7556}") = "Ornek1", "Ornek1\Ornek1.csproj", "{D8BE21B8-E572-4C04-A27E-B5AF8D99DF57}"
EndProject
Project("{9A19103F-16F7-4668-BE54-9A1E7A4F7556}") = "Ornek2", "Ornek2\Ornek2.csproj", "{124629A5-4987-49D9-BC61-5E7C9EA37407}"
EndProject
Project("{9A19103F-16F7-4668-BE54-9A1E7A4F7556}") = "Uygulama4", "Uygulama4\Uygulama4.csproj", "{10DDB5AC-6758-476B-B931-31B9C5042330}"
EndProject
Project("{9A19103F-16F7-4668-BE54-9A1E7A4F7556}") = "Uygulama5", "Uygulama5\Uygulama5.csproj", "{9EA84450-FADD-438A-B60D-8648B37A3510}"
EndProject
Project("{9A19103F-16F7-4668-BE54-9A1E7A4F7556}") = "Uygulama6", "Uygulama6\Uygulama6.csproj", "{9138E38D-352A-4B3E-B6DA-C917E808CDA0}"
EndProject
Project("{9A19103F-16F7-4668-BE54-9A1E7A4F7556}") = "Uygulama7", "Uygulama7\Uygulama7.csproj", "{CC1716C6-C10A-4C33-8E5E-16A5F05B502B}"
EndProject
Project("{9A19103F-16F7-4668-BE54-9A1E7A4F7556}") = "Ternary_Operatoru", "Ternary_Operatoru\Ternary_Operatoru.csproj", "{A1505C83-4396-4DC7-8E75-8C759C67E17E}"
EndProject
Project("{9A19103F-16F7-4668-BE54-9A1E7A4F7556}") = "Genel_Notlar", "Genel_Notlar\Genel_Notlar.csproj", "{AEF1A1A4-E2B1-4072-AEC3-063D82D02CA7}"
EndProject
Project("{2150E333-8FDC-42A3-9474-1A3956D46DE8}") = "Uygulamalar", "Uygulamalar", "{5D7DF346-27E1-4113-B125-EB207026B310}"
EndProject
Project("{FAE04EC0-301F-11D3-BF4B-00C04F79EFBC}") = "ForDongusu", "ForDongusu\ForDongusu.csproj", "{71976C3F-B2FD-4E0C-8421-311978C60D70}"
EndProject
Project("{FAE04EC0-301F-11D3-BF4B-00C04F79EFBC}") = "WhileDongusu", "whileDongusu\WhileDongusu.csproj", "{84A0E9DE-B914-47F6-804F-AAD7AFD3920E}"
EndProject
Project("{FAE04EC0-301F-11D3-BF4B-00C04F79EFBC}") = "Diziler", "Diziler\Diziler.csproj", "{F3092996-9B39-4E74-8BD7-A4BD0FE966A1}"
EndProject
Project("{FAE04EC0-301F-11D3-BF4B-00C04F79EFBC}") = "Algoritma_Ornekleri", "Algoritma_Ornekleri\Algoritma_Ornekleri.csproj", "{162888ED-5F18-4D3A-81FB-2A67E4909226}"
EndProject
Project("{FAE04EC0-301F-11D3-BF4B-00C04F79EFBC}") = "StringDegiskeni", "StringDegiskeni\StringDegiskeni.csproj", "{1D86CBB5-F2C4-40E5-A56D-A54CA8598487}"
EndProject
Project("{FAE04EC0-301F-11D3-BF4B-00C04F79EFBC}") = "DateTime_Sinifi", "DateTime_Sinifi\DateTime_Sinifi.csproj", "{720C72F2-3FD9-4667-9A4E-54E7AC5D9A3D}"
EndProject
Project("{FAE04EC0-301F-11D3-BF4B-00C04F79EFBC}") = "Math_Sinifi", "Math_Sinifi\Math_Sinifi.csproj", "{F37F14D6-5CCA-405A-A754-5FF51CAA0889}"
EndProject
Project("{FAE04EC0-301F-11D3-BF4B-00C04F79EFBC}") = "Metodlar", "Metodlar\Metodlar.csproj", "{BBA07BA1-4A71-4513-A29A-26B2081A4803}"
EndProject
Project("{FAE04EC0-301F-11D3-BF4B-00C04F79EFBC}") = "Metodlar_Overloading", "Metodlar_Overloading\Metodlar_Overloading.csproj", "{450C8552-24C0-46B5-A54E-0CA728E8CE9C}"
EndProject
Project("{FAE04EC0-301F-11D3-BF4B-00C04F79EFBC}") = "Hesap_Makinesi_Metodlar", "Hesap_Makinesi_Metodlar\Hesap_Makinesi_Metodlar.csproj", "{4F3FFE8F-F299-49F0-A7DB-989C46008F5A}"
EndProject
Project("{FAE04EC0-301F-11D3-BF4B-00C04F79EFBC}") = "Metod_Ornek", "Metod_Ornek\Metod_Ornek.csproj", "{22836FFD-59C9-499D-8424-86E9E3E0C61D}"
EndProject
Project("{FAE04EC0-301F-11D3-BF4B-00C04F79EFBC}") = "Metod_Ornek_Hoca", "Metod_Ornek_Hoca\Metod_Ornek_Hoca.csproj", "{9EAA3D7A-CD01-4564-A913-01263D219BE5}"
EndProject
Project("{FAE04EC0-301F-11D3-BF4B-00C04F79EFBC}") = "Metod_Ornek2", "Metod_Ornek_2\Metod_Ornek2.csproj", "{4084A898-8DB3-49B8-B603-8326DF398F00}"
EndProject
Project("{FAE04EC0-301F-11D3-BF4B-00C04F79EFBC}") = "Classlar_Konusu", "Classlar_Konusu\Classlar_Konusu.csproj", "{DF1871AD-217F-45A9-9737-AB7068642365}"
EndProject
Global
	GlobalSection(SolutionConfigurationPlatforms) = preSolution
		Debug|Any CPU = Debug|Any CPU
		Release|Any CPU = Release|Any CPU
	EndGlobalSection
	GlobalSection(ProjectConfigurationPlatforms) = postSolution
		{0E995C7E-47A1-4B4C-B98A-4DCB935A9BE9}.Debug|Any CPU.ActiveCfg = Debug|Any CPU
		{0E995C7E-47A1-4B4C-B98A-4DCB935A9BE9}.Debug|Any CPU.Build.0 = Debug|Any CPU
		{0E995C7E-47A1-4B4C-B98A-4DCB935A9BE9}.Release|Any CPU.ActiveCfg = Release|Any CPU
		{0E995C7E-47A1-4B4C-B98A-4DCB935A9BE9}.Release|Any CPU.Build.0 = Release|Any CPU
		{A0450F00-5CC9-433F-94B1-726868F0A591}.Debug|Any CPU.ActiveCfg = Debug|Any CPU
		{A0450F00-5CC9-433F-94B1-726868F0A591}.Debug|Any CPU.Build.0 = Debug|Any CPU
		{A0450F00-5CC9-433F-94B1-726868F0A591}.Release|Any CPU.ActiveCfg = Release|Any CPU
		{A0450F00-5CC9-433F-94B1-726868F0A591}.Release|Any CPU.Build.0 = Release|Any CPU
		{3C552CCE-1763-4101-A69F-B9D98F2C3CFB}.Debug|Any CPU.ActiveCfg = Debug|Any CPU
		{3C552CCE-1763-4101-A69F-B9D98F2C3CFB}.Debug|Any CPU.Build.0 = Debug|Any CPU
		{3C552CCE-1763-4101-A69F-B9D98F2C3CFB}.Release|Any CPU.ActiveCfg = Release|Any CPU
		{3C552CCE-1763-4101-A69F-B9D98F2C3CFB}.Release|Any CPU.Build.0 = Release|Any CPU
		{84CB3B7B-2CB0-4E9A-B3EA-2963A64A8B28}.Debug|Any CPU.ActiveCfg = Debug|Any CPU
		{84CB3B7B-2CB0-4E9A-B3EA-2963A64A8B28}.Debug|Any CPU.Build.0 = Debug|Any CPU
		{84CB3B7B-2CB0-4E9A-B3EA-2963A64A8B28}.Release|Any CPU.ActiveCfg = Release|Any CPU
		{84CB3B7B-2CB0-4E9A-B3EA-2963A64A8B28}.Release|Any CPU.Build.0 = Release|Any CPU
		{BF3D9728-5A97-4F22-B0D4-B51278F614AB}.Debug|Any CPU.ActiveCfg = Debug|Any CPU
		{BF3D9728-5A97-4F22-B0D4-B51278F614AB}.Debug|Any CPU.Build.0 = Debug|Any CPU
		{BF3D9728-5A97-4F22-B0D4-B51278F614AB}.Release|Any CPU.ActiveCfg = Release|Any CPU
		{BF3D9728-5A97-4F22-B0D4-B51278F614AB}.Release|Any CPU.Build.0 = Release|Any CPU
		{8DFEC209-A7C6-475A-8566-F3E5F4F00612}.Debug|Any CPU.ActiveCfg = Debug|Any CPU
		{8DFEC209-A7C6-475A-8566-F3E5F4F00612}.Debug|Any CPU.Build.0 = Debug|Any CPU
		{8DFEC209-A7C6-475A-8566-F3E5F4F00612}.Release|Any CPU.ActiveCfg = Release|Any CPU
		{8DFEC209-A7C6-475A-8566-F3E5F4F00612}.Release|Any CPU.Build.0 = Release|Any CPU
		{BE311B72-F845-4A09-A5B8-83BDE581E7A3}.Debug|Any CPU.ActiveCfg = Debug|Any CPU
		{BE311B72-F845-4A09-A5B8-83BDE581E7A3}.Debug|Any CPU.Build.0 = Debug|Any CPU
		{BE311B72-F845-4A09-A5B8-83BDE581E7A3}.Release|Any CPU.ActiveCfg = Release|Any CPU
		{BE311B72-F845-4A09-A5B8-83BDE581E7A3}.Release|Any CPU.Build.0 = Release|Any CPU
		{D8BE21B8-E572-4C04-A27E-B5AF8D99DF57}.Debug|Any CPU.ActiveCfg = Debug|Any CPU
		{D8BE21B8-E572-4C04-A27E-B5AF8D99DF57}.Debug|Any CPU.Build.0 = Debug|Any CPU
		{D8BE21B8-E572-4C04-A27E-B5AF8D99DF57}.Release|Any CPU.ActiveCfg = Release|Any CPU
		{D8BE21B8-E572-4C04-A27E-B5AF8D99DF57}.Release|Any CPU.Build.0 = Release|Any CPU
		{124629A5-4987-49D9-BC61-5E7C9EA37407}.Debug|Any CPU.ActiveCfg = Debug|Any CPU
		{124629A5-4987-49D9-BC61-5E7C9EA37407}.Debug|Any CPU.Build.0 = Debug|Any CPU
		{124629A5-4987-49D9-BC61-5E7C9EA37407}.Release|Any CPU.ActiveCfg = Release|Any CPU
		{124629A5-4987-49D9-BC61-5E7C9EA37407}.Release|Any CPU.Build.0 = Release|Any CPU
		{10DDB5AC-6758-476B-B931-31B9C5042330}.Debug|Any CPU.ActiveCfg = Debug|Any CPU
		{10DDB5AC-6758-476B-B931-31B9C5042330}.Debug|Any CPU.Build.0 = Debug|Any CPU
		{10DDB5AC-6758-476B-B931-31B9C5042330}.Release|Any CPU.ActiveCfg = Release|Any CPU
		{10DDB5AC-6758-476B-B931-31B9C5042330}.Release|Any CPU.Build.0 = Release|Any CPU
		{9EA84450-FADD-438A-B60D-8648B37A3510}.Debug|Any CPU.ActiveCfg = Debug|Any CPU
		{9EA84450-FADD-438A-B60D-8648B37A3510}.Debug|Any CPU.Build.0 = Debug|Any CPU
		{9EA84450-FADD-438A-B60D-8648B37A3510}.Release|Any CPU.ActiveCfg = Release|Any CPU
		{9EA84450-FADD-438A-B60D-8648B37A3510}.Release|Any CPU.Build.0 = Release|Any CPU
		{9138E38D-352A-4B3E-B6DA-C917E808CDA0}.Debug|Any CPU.ActiveCfg = Debug|Any CPU
		{9138E38D-352A-4B3E-B6DA-C917E808CDA0}.Debug|Any CPU.Build.0 = Debug|Any CPU
		{9138E38D-352A-4B3E-B6DA-C917E808CDA0}.Release|Any CPU.ActiveCfg = Release|Any CPU
		{9138E38D-352A-4B3E-B6DA-C917E808CDA0}.Release|Any CPU.Build.0 = Release|Any CPU
		{CC1716C6-C10A-4C33-8E5E-16A5F05B502B}.Debug|Any CPU.ActiveCfg = Debug|Any CPU
		{CC1716C6-C10A-4C33-8E5E-16A5F05B502B}.Debug|Any CPU.Build.0 = Debug|Any CPU
		{CC1716C6-C10A-4C33-8E5E-16A5F05B502B}.Release|Any CPU.ActiveCfg = Release|Any CPU
		{CC1716C6-C10A-4C33-8E5E-16A5F05B502B}.Release|Any CPU.Build.0 = Release|Any CPU
		{A1505C83-4396-4DC7-8E75-8C759C67E17E}.Debug|Any CPU.ActiveCfg = Debug|Any CPU
		{A1505C83-4396-4DC7-8E75-8C759C67E17E}.Debug|Any CPU.Build.0 = Debug|Any CPU
		{A1505C83-4396-4DC7-8E75-8C759C67E17E}.Release|Any CPU.ActiveCfg = Release|Any CPU
		{A1505C83-4396-4DC7-8E75-8C759C67E17E}.Release|Any CPU.Build.0 = Release|Any CPU
		{AEF1A1A4-E2B1-4072-AEC3-063D82D02CA7}.Debug|Any CPU.ActiveCfg = Debug|Any CPU
		{AEF1A1A4-E2B1-4072-AEC3-063D82D02CA7}.Debug|Any CPU.Build.0 = Debug|Any CPU
		{AEF1A1A4-E2B1-4072-AEC3-063D82D02CA7}.Release|Any CPU.ActiveCfg = Release|Any CPU
		{AEF1A1A4-E2B1-4072-AEC3-063D82D02CA7}.Release|Any CPU.Build.0 = Release|Any CPU
		{71976C3F-B2FD-4E0C-8421-311978C60D70}.Debug|Any CPU.ActiveCfg = Debug|Any CPU
		{71976C3F-B2FD-4E0C-8421-311978C60D70}.Debug|Any CPU.Build.0 = Debug|Any CPU
		{71976C3F-B2FD-4E0C-8421-311978C60D70}.Release|Any CPU.ActiveCfg = Release|Any CPU
		{71976C3F-B2FD-4E0C-8421-311978C60D70}.Release|Any CPU.Build.0 = Release|Any CPU
		{84A0E9DE-B914-47F6-804F-AAD7AFD3920E}.Debug|Any CPU.ActiveCfg = Debug|Any CPU
		{84A0E9DE-B914-47F6-804F-AAD7AFD3920E}.Debug|Any CPU.Build.0 = Debug|Any CPU
		{84A0E9DE-B914-47F6-804F-AAD7AFD3920E}.Release|Any CPU.ActiveCfg = Release|Any CPU
		{84A0E9DE-B914-47F6-804F-AAD7AFD3920E}.Release|Any CPU.Build.0 = Release|Any CPU
		{F3092996-9B39-4E74-8BD7-A4BD0FE966A1}.Debug|Any CPU.ActiveCfg = Debug|Any CPU
		{F3092996-9B39-4E74-8BD7-A4BD0FE966A1}.Debug|Any CPU.Build.0 = Debug|Any CPU
		{F3092996-9B39-4E74-8BD7-A4BD0FE966A1}.Release|Any CPU.ActiveCfg = Release|Any CPU
		{F3092996-9B39-4E74-8BD7-A4BD0FE966A1}.Release|Any CPU.Build.0 = Release|Any CPU
		{162888ED-5F18-4D3A-81FB-2A67E4909226}.Debug|Any CPU.ActiveCfg = Debug|Any CPU
		{162888ED-5F18-4D3A-81FB-2A67E4909226}.Debug|Any CPU.Build.0 = Debug|Any CPU
		{162888ED-5F18-4D3A-81FB-2A67E4909226}.Release|Any CPU.ActiveCfg = Release|Any CPU
		{162888ED-5F18-4D3A-81FB-2A67E4909226}.Release|Any CPU.Build.0 = Release|Any CPU
		{1D86CBB5-F2C4-40E5-A56D-A54CA8598487}.Debug|Any CPU.ActiveCfg = Debug|Any CPU
		{1D86CBB5-F2C4-40E5-A56D-A54CA8598487}.Debug|Any CPU.Build.0 = Debug|Any CPU
		{1D86CBB5-F2C4-40E5-A56D-A54CA8598487}.Release|Any CPU.ActiveCfg = Release|Any CPU
		{1D86CBB5-F2C4-40E5-A56D-A54CA8598487}.Release|Any CPU.Build.0 = Release|Any CPU
		{720C72F2-3FD9-4667-9A4E-54E7AC5D9A3D}.Debug|Any CPU.ActiveCfg = Debug|Any CPU
		{720C72F2-3FD9-4667-9A4E-54E7AC5D9A3D}.Debug|Any CPU.Build.0 = Debug|Any CPU
		{720C72F2-3FD9-4667-9A4E-54E7AC5D9A3D}.Release|Any CPU.ActiveCfg = Release|Any CPU
		{720C72F2-3FD9-4667-9A4E-54E7AC5D9A3D}.Release|Any CPU.Build.0 = Release|Any CPU
		{F37F14D6-5CCA-405A-A754-5FF51CAA0889}.Debug|Any CPU.ActiveCfg = Debug|Any CPU
		{F37F14D6-5CCA-405A-A754-5FF51CAA0889}.Debug|Any CPU.Build.0 = Debug|Any CPU
		{F37F14D6-5CCA-405A-A754-5FF51CAA0889}.Release|Any CPU.ActiveCfg = Release|Any CPU
		{F37F14D6-5CCA-405A-A754-5FF51CAA0889}.Release|Any CPU.Build.0 = Release|Any CPU
		{BBA07BA1-4A71-4513-A29A-26B2081A4803}.Debug|Any CPU.ActiveCfg = Debug|Any CPU
		{BBA07BA1-4A71-4513-A29A-26B2081A4803}.Debug|Any CPU.Build.0 = Debug|Any CPU
		{BBA07BA1-4A71-4513-A29A-26B2081A4803}.Release|Any CPU.ActiveCfg = Release|Any CPU
		{BBA07BA1-4A71-4513-A29A-26B2081A4803}.Release|Any CPU.Build.0 = Release|Any CPU
		{450C8552-24C0-46B5-A54E-0CA728E8CE9C}.Debug|Any CPU.ActiveCfg = Debug|Any CPU
		{450C8552-24C0-46B5-A54E-0CA728E8CE9C}.Debug|Any CPU.Build.0 = Debug|Any CPU
		{450C8552-24C0-46B5-A54E-0CA728E8CE9C}.Release|Any CPU.ActiveCfg = Release|Any CPU
		{450C8552-24C0-46B5-A54E-0CA728E8CE9C}.Release|Any CPU.Build.0 = Release|Any CPU
		{4F3FFE8F-F299-49F0-A7DB-989C46008F5A}.Debug|Any CPU.ActiveCfg = Debug|Any CPU
		{4F3FFE8F-F299-49F0-A7DB-989C46008F5A}.Debug|Any CPU.Build.0 = Debug|Any CPU
		{4F3FFE8F-F299-49F0-A7DB-989C46008F5A}.Release|Any CPU.ActiveCfg = Release|Any CPU
		{4F3FFE8F-F299-49F0-A7DB-989C46008F5A}.Release|Any CPU.Build.0 = Release|Any CPU
		{22836FFD-59C9-499D-8424-86E9E3E0C61D}.Debug|Any CPU.ActiveCfg = Debug|Any CPU
		{22836FFD-59C9-499D-8424-86E9E3E0C61D}.Debug|Any CPU.Build.0 = Debug|Any CPU
		{22836FFD-59C9-499D-8424-86E9E3E0C61D}.Release|Any CPU.ActiveCfg = Release|Any CPU
		{22836FFD-59C9-499D-8424-86E9E3E0C61D}.Release|Any CPU.Build.0 = Release|Any CPU
		{9EAA3D7A-CD01-4564-A913-01263D219BE5}.Debug|Any CPU.ActiveCfg = Debug|Any CPU
		{9EAA3D7A-CD01-4564-A913-01263D219BE5}.Debug|Any CPU.Build.0 = Debug|Any CPU
		{9EAA3D7A-CD01-4564-A913-01263D219BE5}.Release|Any CPU.ActiveCfg = Release|Any CPU
		{9EAA3D7A-CD01-4564-A913-01263D219BE5}.Release|Any CPU.Build.0 = Release|Any CPU
		{4084A898-8DB3-49B8-B603-8326DF398F00}.Debug|Any CPU.ActiveCfg = Debug|Any CPU
		{4084A898-8DB3-49B8-B603-8326DF398F00}.Debug|Any CPU.Build.0 = Debug|Any CPU
		{4084A898-8DB3-49B8-B603-8326DF398F00}.Release|Any CPU.ActiveCfg = Release|Any CPU
		{4084A898-8DB3-49B8-B603-8326DF398F00}.Release|Any CPU.Build.0 = Release|Any CPU
		{DF1871AD-217F-45A9-9737-AB7068642365}.Debug|Any CPU.ActiveCfg = Debug|Any CPU
		{DF1871AD-217F-45A9-9737-AB7068642365}.Debug|Any CPU.Build.0 = Debug|Any CPU
		{DF1871AD-217F-45A9-9737-AB7068642365}.Release|Any CPU.ActiveCfg = Release|Any CPU
		{DF1871AD-217F-45A9-9737-AB7068642365}.Release|Any CPU.Build.0 = Release|Any CPU
	EndGlobalSection
	GlobalSection(SolutionProperties) = preSolution
		HideSolutionNode = FALSE
	EndGlobalSection
	GlobalSection(NestedProjects) = preSolution
		{3C552CCE-1763-4101-A69F-B9D98F2C3CFB} = {5D7DF346-27E1-4113-B125-EB207026B310}
		{84CB3B7B-2CB0-4E9A-B3EA-2963A64A8B28} = {5D7DF346-27E1-4113-B125-EB207026B310}
		{8DFEC209-A7C6-475A-8566-F3E5F4F00612} = {5D7DF346-27E1-4113-B125-EB207026B310}
		{D8BE21B8-E572-4C04-A27E-B5AF8D99DF57} = {5D7DF346-27E1-4113-B125-EB207026B310}
		{124629A5-4987-49D9-BC61-5E7C9EA37407} = {5D7DF346-27E1-4113-B125-EB207026B310}
		{10DDB5AC-6758-476B-B931-31B9C5042330} = {5D7DF346-27E1-4113-B125-EB207026B310}
		{9EA84450-FADD-438A-B60D-8648B37A3510} = {5D7DF346-27E1-4113-B125-EB207026B310}
		{9138E38D-352A-4B3E-B6DA-C917E808CDA0} = {5D7DF346-27E1-4113-B125-EB207026B310}
		{CC1716C6-C10A-4C33-8E5E-16A5F05B502B} = {5D7DF346-27E1-4113-B125-EB207026B310}
		{162888ED-5F18-4D3A-81FB-2A67E4909226} = {5D7DF346-27E1-4113-B125-EB207026B310}
	EndGlobalSection
	GlobalSection(ExtensibilityGlobals) = postSolution
		SolutionGuid = {96030C52-D5A8-4CCF-8735-D7A6F76E9D61}
	EndGlobalSection
EndGlobal
